<Solution>
    <Folder Name="/Solution Items/">
        <File Path=".editorconfig" />
        <File Path=".gitattributes" />
        <File Path=".gitignore" />
        <File Path="README.md" />
    </Folder>
    <Project Path="WesleyCode.Agent\WesleyCode.Agent.csproj" />
    <Project Path="WesleyCode.Console\WesleyCode.Console.csproj" />
</Solution>
